
Microsoft Visual Studio Solution File, Format Version 12.00
# Visual Studio Version 17
VisualStudioVersion = 17.13.35825.156
MinimumVisualStudioVersion = 10.0.40219.1
Project("{FAE04EC0-301F-11D3-BF4B-00C04F79EFBC}") = "WorkingWithHtmlElements", "Task1\WorkingWithHtmlElements.csproj", "{30041AAD-3AED-45A1-9638-17214480ACFD}"
EndProject
Project("{FAE04EC0-301F-11D3-BF4B-00C04F79EFBC}") = "DropDown", "Task2\DropDown.csproj", "{D2C7C161-C8DD-4533-A6ED-BDE9646C6CFC}"
EndProject
Project("{FAE04EC0-301F-11D3-BF4B-00C04F79EFBC}") = "DataDrivenTest", "DataDrivenTest\DataDrivenTest.csproj", "{F7D7FB7D-1A27-487A-8BAC-28F834B41437}"
EndProject
Global
	GlobalSection(SolutionConfigurationPlatforms) = preSolution
		Debug|Any CPU = Debug|Any CPU
		Release|Any CPU = Release|Any CPU
	EndGlobalSection
	GlobalSection(ProjectConfigurationPlatforms) = postSolution
		{30041AAD-3AED-45A1-9638-17214480ACFD}.Debug|Any CPU.ActiveCfg = Debug|Any CPU
		{30041AAD-3AED-45A1-9638-17214480ACFD}.Debug|Any CPU.Build.0 = Debug|Any CPU
		{30041AAD-3AED-45A1-9638-17214480ACFD}.Release|Any CPU.ActiveCfg = Release|Any CPU
		{30041AAD-3AED-45A1-9638-17214480ACFD}.Release|Any CPU.Build.0 = Release|Any CPU
		{D2C7C161-C8DD-4533-A6ED-BDE9646C6CFC}.Debug|Any CPU.ActiveCfg = Debug|Any CPU
		{D2C7C161-C8DD-4533-A6ED-BDE9646C6CFC}.Debug|Any CPU.Build.0 = Debug|Any CPU
		{D2C7C161-C8DD-4533-A6ED-BDE9646C6CFC}.Release|Any CPU.ActiveCfg = Release|Any CPU
		{D2C7C161-C8DD-4533-A6ED-BDE9646C6CFC}.Release|Any CPU.Build.0 = Release|Any CPU
		{F7D7FB7D-1A27-487A-8BAC-28F834B41437}.Debug|Any CPU.ActiveCfg = Debug|Any CPU
		{F7D7FB7D-1A27-487A-8BAC-28F834B41437}.Debug|Any CPU.Build.0 = Debug|Any CPU
		{F7D7FB7D-1A27-487A-8BAC-28F834B41437}.Release|Any CPU.ActiveCfg = Release|Any CPU
		{F7D7FB7D-1A27-487A-8BAC-28F834B41437}.Release|Any CPU.Build.0 = Release|Any CPU
	EndGlobalSection
	GlobalSection(SolutionProperties) = preSolution
		HideSolutionNode = FALSE
	EndGlobalSection
	GlobalSection(ExtensibilityGlobals) = postSolution
		SolutionGuid = {A6FDCA02-921A-42FD-8C8C-8B7465AC4A82}
	EndGlobalSection
EndGlobal
